
Microsoft Visual Studio Solution File, Format Version 12.00
# Visual Studio Version 17
VisualStudioVersion = 17.11.35303.130
MinimumVisualStudioVersion = 10.0.40219.1
Project("{FAE04EC0-301F-11D3-BF4B-00C04F79EFBC}") = "CustomerSupportChatBot", "CustomerSupportChatBot\CustomerSupportChatBot.csproj", "{690C6DA9-163E-408D-BD78-03CCFE362122}"
EndProject
Global
	GlobalSection(SolutionConfigurationPlatforms) = preSolution
		Debug|Any CPU = Debug|Any CPU
		Release|Any CPU = Release|Any CPU
	EndGlobalSection
	GlobalSection(ProjectConfigurationPlatforms) = postSolution
		{690C6DA9-163E-408D-BD78-03CCFE362122}.Debug|Any CPU.ActiveCfg = Debug|Any CPU
		{690C6DA9-163E-408D-BD78-03CCFE362122}.Debug|Any CPU.Build.0 = Debug|Any CPU
		{690C6DA9-163E-408D-BD78-03CCFE362122}.Release|Any CPU.ActiveCfg = Release|Any CPU
		{690C6DA9-163E-408D-BD78-03CCFE362122}.Release|Any CPU.Build.0 = Release|Any CPU
	EndGlobalSection
	GlobalSection(SolutionProperties) = preSolution
		HideSolutionNode = FALSE
	EndGlobalSection
	GlobalSection(ExtensibilityGlobals) = postSolution
		SolutionGuid = {1DC8BC60-E29A-40D7-83C9-4C16B67A5092}
	EndGlobalSection
EndGlobal
